
Microsoft Visual Studio Solution File, Format Version 12.00
Project("{FAE04EC0-301F-11D3-BF4B-00C04F79EFBC}") = "test", "test\test.csproj", "{EBC3E6A5-E293-4810-89FF-31E450495E2A}"
EndProject
Project("{FAE04EC0-301F-11D3-BF4B-00C04F79EFBC}") = "iac", "iac\iac.csproj", "{CF8BB4FF-E5FD-40CE-981D-B02B8BAF4608}"
EndProject
Project("{FAE04EC0-301F-11D3-BF4B-00C04F79EFBC}") = "shared", "shared\shared.csproj", "{7DFEB8A2-DB71-4E46-9695-5D78F3970CE0}"
EndProject
Project("{2150E333-8FDC-42A3-9474-1A3956D46DE8}") = "src", "src", "{827E0CD3-B72D-47B6-A68D-7590B98EB39B}"
EndProject
Project("{2150E333-8FDC-42A3-9474-1A3956D46DE8}") = "modules", "modules", "{EC447DCF-ABFA-6E24-52A5-D7FD48A5C558}"
EndProject
Project("{FAE04EC0-301F-11D3-BF4B-00C04F79EFBC}") = "TestFunction", "src\modules\TestFunction\TestFunction.csproj", "{6B43E45C-EA8F-4821-9A14-9573A6BA1A61}"
EndProject
Project("{FAE04EC0-301F-11D3-BF4B-00C04F79EFBC}") = "common", "common\common.csproj", "{D01357C5-716A-44D3-AA4B-B56D03867A0D}"
EndProject
Project("{FAE04EC0-301F-11D3-BF4B-00C04F79EFBC}") = "LoginUser", "src\modules\LoginUser\LoginUser.csproj", "{4C9978BA-4167-4DE5-B595-EFE994A791B2}"
EndProject
Global
	GlobalSection(SolutionConfigurationPlatforms) = preSolution
		Debug|Any CPU = Debug|Any CPU
		Debug|x64 = Debug|x64
		Debug|x86 = Debug|x86
		Release|Any CPU = Release|Any CPU
		Release|x64 = Release|x64
		Release|x86 = Release|x86
	EndGlobalSection
	GlobalSection(ProjectConfigurationPlatforms) = postSolution
		{EBC3E6A5-E293-4810-89FF-31E450495E2A}.Debug|Any CPU.ActiveCfg = Debug|Any CPU
		{EBC3E6A5-E293-4810-89FF-31E450495E2A}.Debug|Any CPU.Build.0 = Debug|Any CPU
		{EBC3E6A5-E293-4810-89FF-31E450495E2A}.Debug|x64.ActiveCfg = Debug|Any CPU
		{EBC3E6A5-E293-4810-89FF-31E450495E2A}.Debug|x64.Build.0 = Debug|Any CPU
		{EBC3E6A5-E293-4810-89FF-31E450495E2A}.Debug|x86.ActiveCfg = Debug|Any CPU
		{EBC3E6A5-E293-4810-89FF-31E450495E2A}.Debug|x86.Build.0 = Debug|Any CPU
		{EBC3E6A5-E293-4810-89FF-31E450495E2A}.Release|Any CPU.ActiveCfg = Release|Any CPU
		{EBC3E6A5-E293-4810-89FF-31E450495E2A}.Release|Any CPU.Build.0 = Release|Any CPU
		{EBC3E6A5-E293-4810-89FF-31E450495E2A}.Release|x64.ActiveCfg = Release|Any CPU
		{EBC3E6A5-E293-4810-89FF-31E450495E2A}.Release|x64.Build.0 = Release|Any CPU
		{EBC3E6A5-E293-4810-89FF-31E450495E2A}.Release|x86.ActiveCfg = Release|Any CPU
		{EBC3E6A5-E293-4810-89FF-31E450495E2A}.Release|x86.Build.0 = Release|Any CPU
		{CF8BB4FF-E5FD-40CE-981D-B02B8BAF4608}.Debug|Any CPU.ActiveCfg = Debug|Any CPU
		{CF8BB4FF-E5FD-40CE-981D-B02B8BAF4608}.Debug|Any CPU.Build.0 = Debug|Any CPU
		{CF8BB4FF-E5FD-40CE-981D-B02B8BAF4608}.Debug|x64.ActiveCfg = Debug|Any CPU
		{CF8BB4FF-E5FD-40CE-981D-B02B8BAF4608}.Debug|x64.Build.0 = Debug|Any CPU
		{CF8BB4FF-E5FD-40CE-981D-B02B8BAF4608}.Debug|x86.ActiveCfg = Debug|Any CPU
		{CF8BB4FF-E5FD-40CE-981D-B02B8BAF4608}.Debug|x86.Build.0 = Debug|Any CPU
		{CF8BB4FF-E5FD-40CE-981D-B02B8BAF4608}.Release|Any CPU.ActiveCfg = Release|Any CPU
		{CF8BB4FF-E5FD-40CE-981D-B02B8BAF4608}.Release|Any CPU.Build.0 = Release|Any CPU
		{CF8BB4FF-E5FD-40CE-981D-B02B8BAF4608}.Release|x64.ActiveCfg = Release|Any CPU
		{CF8BB4FF-E5FD-40CE-981D-B02B8BAF4608}.Release|x64.Build.0 = Release|Any CPU
		{CF8BB4FF-E5FD-40CE-981D-B02B8BAF4608}.Release|x86.ActiveCfg = Release|Any CPU
		{CF8BB4FF-E5FD-40CE-981D-B02B8BAF4608}.Release|x86.Build.0 = Release|Any CPU
		{7DFEB8A2-DB71-4E46-9695-5D78F3970CE0}.Debug|Any CPU.ActiveCfg = Debug|Any CPU
		{7DFEB8A2-DB71-4E46-9695-5D78F3970CE0}.Debug|Any CPU.Build.0 = Debug|Any CPU
		{7DFEB8A2-DB71-4E46-9695-5D78F3970CE0}.Debug|x64.ActiveCfg = Debug|Any CPU
		{7DFEB8A2-DB71-4E46-9695-5D78F3970CE0}.Debug|x64.Build.0 = Debug|Any CPU
		{7DFEB8A2-DB71-4E46-9695-5D78F3970CE0}.Debug|x86.ActiveCfg = Debug|Any CPU
		{7DFEB8A2-DB71-4E46-9695-5D78F3970CE0}.Debug|x86.Build.0 = Debug|Any CPU
		{7DFEB8A2-DB71-4E46-9695-5D78F3970CE0}.Release|Any CPU.ActiveCfg = Release|Any CPU
		{7DFEB8A2-DB71-4E46-9695-5D78F3970CE0}.Release|Any CPU.Build.0 = Release|Any CPU
		{7DFEB8A2-DB71-4E46-9695-5D78F3970CE0}.Release|x64.ActiveCfg = Release|Any CPU
		{7DFEB8A2-DB71-4E46-9695-5D78F3970CE0}.Release|x64.Build.0 = Release|Any CPU
		{7DFEB8A2-DB71-4E46-9695-5D78F3970CE0}.Release|x86.ActiveCfg = Release|Any CPU
		{7DFEB8A2-DB71-4E46-9695-5D78F3970CE0}.Release|x86.Build.0 = Release|Any CPU
		{6B43E45C-EA8F-4821-9A14-9573A6BA1A61}.Debug|Any CPU.ActiveCfg = Debug|Any CPU
		{6B43E45C-EA8F-4821-9A14-9573A6BA1A61}.Debug|Any CPU.Build.0 = Debug|Any CPU
		{6B43E45C-EA8F-4821-9A14-9573A6BA1A61}.Debug|x64.ActiveCfg = Debug|Any CPU
		{6B43E45C-EA8F-4821-9A14-9573A6BA1A61}.Debug|x64.Build.0 = Debug|Any CPU
		{6B43E45C-EA8F-4821-9A14-9573A6BA1A61}.Debug|x86.ActiveCfg = Debug|Any CPU
		{6B43E45C-EA8F-4821-9A14-9573A6BA1A61}.Debug|x86.Build.0 = Debug|Any CPU
		{6B43E45C-EA8F-4821-9A14-9573A6BA1A61}.Release|Any CPU.ActiveCfg = Release|Any CPU
		{6B43E45C-EA8F-4821-9A14-9573A6BA1A61}.Release|Any CPU.Build.0 = Release|Any CPU
		{6B43E45C-EA8F-4821-9A14-9573A6BA1A61}.Release|x64.ActiveCfg = Release|Any CPU
		{6B43E45C-EA8F-4821-9A14-9573A6BA1A61}.Release|x64.Build.0 = Release|Any CPU
		{6B43E45C-EA8F-4821-9A14-9573A6BA1A61}.Release|x86.ActiveCfg = Release|Any CPU
		{6B43E45C-EA8F-4821-9A14-9573A6BA1A61}.Release|x86.Build.0 = Release|Any CPU
		{D01357C5-716A-44D3-AA4B-B56D03867A0D}.Debug|Any CPU.ActiveCfg = Debug|Any CPU
		{D01357C5-716A-44D3-AA4B-B56D03867A0D}.Debug|Any CPU.Build.0 = Debug|Any CPU
		{D01357C5-716A-44D3-AA4B-B56D03867A0D}.Debug|x64.ActiveCfg = Debug|Any CPU
		{D01357C5-716A-44D3-AA4B-B56D03867A0D}.Debug|x64.Build.0 = Debug|Any CPU
		{D01357C5-716A-44D3-AA4B-B56D03867A0D}.Debug|x86.ActiveCfg = Debug|Any CPU
		{D01357C5-716A-44D3-AA4B-B56D03867A0D}.Debug|x86.Build.0 = Debug|Any CPU
		{D01357C5-716A-44D3-AA4B-B56D03867A0D}.Release|Any CPU.ActiveCfg = Release|Any CPU
		{D01357C5-716A-44D3-AA4B-B56D03867A0D}.Release|Any CPU.Build.0 = Release|Any CPU
		{D01357C5-716A-44D3-AA4B-B56D03867A0D}.Release|x64.ActiveCfg = Release|Any CPU
		{D01357C5-716A-44D3-AA4B-B56D03867A0D}.Release|x64.Build.0 = Release|Any CPU
		{D01357C5-716A-44D3-AA4B-B56D03867A0D}.Release|x86.ActiveCfg = Release|Any CPU
		{D01357C5-716A-44D3-AA4B-B56D03867A0D}.Release|x86.Build.0 = Release|Any CPU
		{4C9978BA-4167-4DE5-B595-EFE994A791B2}.Debug|Any CPU.ActiveCfg = Debug|Any CPU
		{4C9978BA-4167-4DE5-B595-EFE994A791B2}.Debug|Any CPU.Build.0 = Debug|Any CPU
		{4C9978BA-4167-4DE5-B595-EFE994A791B2}.Debug|x64.ActiveCfg = Debug|Any CPU
		{4C9978BA-4167-4DE5-B595-EFE994A791B2}.Debug|x64.Build.0 = Debug|Any CPU
		{4C9978BA-4167-4DE5-B595-EFE994A791B2}.Debug|x86.ActiveCfg = Debug|Any CPU
		{4C9978BA-4167-4DE5-B595-EFE994A791B2}.Debug|x86.Build.0 = Debug|Any CPU
		{4C9978BA-4167-4DE5-B595-EFE994A791B2}.Release|Any CPU.ActiveCfg = Release|Any CPU
		{4C9978BA-4167-4DE5-B595-EFE994A791B2}.Release|Any CPU.Build.0 = Release|Any CPU
		{4C9978BA-4167-4DE5-B595-EFE994A791B2}.Release|x64.ActiveCfg = Release|Any CPU
		{4C9978BA-4167-4DE5-B595-EFE994A791B2}.Release|x64.Build.0 = Release|Any CPU
		{4C9978BA-4167-4DE5-B595-EFE994A791B2}.Release|x86.ActiveCfg = Release|Any CPU
		{4C9978BA-4167-4DE5-B595-EFE994A791B2}.Release|x86.Build.0 = Release|Any CPU
	EndGlobalSection
	GlobalSection(SolutionProperties) = preSolution
		HideSolutionNode = FALSE
	EndGlobalSection
	GlobalSection(NestedProjects) = preSolution
		{EC447DCF-ABFA-6E24-52A5-D7FD48A5C558} = {827E0CD3-B72D-47B6-A68D-7590B98EB39B}
		{6B43E45C-EA8F-4821-9A14-9573A6BA1A61} = {EC447DCF-ABFA-6E24-52A5-D7FD48A5C558}
		{4C9978BA-4167-4DE5-B595-EFE994A791B2} = {EC447DCF-ABFA-6E24-52A5-D7FD48A5C558}
	EndGlobalSection
EndGlobal
